{
  "name": "typescript-automobile-training",
  "version": "1.0.0",
  "lockfileVersion": 1,
  "requires": true,
  "dependencies": {
    "@types/node": {
      "version": "14.11.9",
      "resolved": "https://registry.npmjs.org/@types/node/-/node-14.11.9.tgz",
      "integrity": "sha512-iXuiZ65PL5c8VAlF426GVJGKcsnAb2rW2037LJe3G6eM6nz35bK9QAUOH3Ic3kF4ZcKLpM02sFkSzCflIpoIKA==",
      "dev": true
    }
  }
}
